
Microsoft Visual Studio Solution File, Format Version 12.00
# Visual Studio Version 16
VisualStudioVersion = 16.0.31624.102
MinimumVisualStudioVersion = 10.0.40219.1
Project("{FAE04EC0-301F-11D3-BF4B-00C04F79EFBC}") = "PM02_3P_Tarea MVVM.Android", "PM02_3P_Tarea MVVM\PM02_3P_Tarea MVVM.Android\PM02_3P_Tarea MVVM.Android.csproj", "{FE74AE2E-3522-42F8-A20F-254DB7AFCF31}"
EndProject
Project("{FAE04EC0-301F-11D3-BF4B-00C04F79EFBC}") = "PM02_3P_Tarea MVVM.iOS", "PM02_3P_Tarea MVVM\PM02_3P_Tarea MVVM.iOS\PM02_3P_Tarea MVVM.iOS.csproj", "{9F8E9EB4-6A3C-4A17-9F99-E0EECA4EFDC0}"
EndProject
Project("{FAE04EC0-301F-11D3-BF4B-00C04F79EFBC}") = "PM02_3P_Tarea MVVM", "PM02_3P_Tarea MVVM\PM02_3P_Tarea MVVM\PM02_3P_Tarea MVVM.csproj", "{05ED0F10-EDC6-4924-90A1-03D291E0CD13}"
EndProject
Global
	GlobalSection(SolutionConfigurationPlatforms) = preSolution
		Debug|Any CPU = Debug|Any CPU
		Debug|iPhone = Debug|iPhone
		Debug|iPhoneSimulator = Debug|iPhoneSimulator
		Release|Any CPU = Release|Any CPU
		Release|iPhone = Release|iPhone
		Release|iPhoneSimulator = Release|iPhoneSimulator
	EndGlobalSection
	GlobalSection(ProjectConfigurationPlatforms) = postSolution
		{FE74AE2E-3522-42F8-A20F-254DB7AFCF31}.Debug|Any CPU.ActiveCfg = Debug|Any CPU
		{FE74AE2E-3522-42F8-A20F-254DB7AFCF31}.Debug|Any CPU.Build.0 = Debug|Any CPU
		{FE74AE2E-3522-42F8-A20F-254DB7AFCF31}.Debug|Any CPU.Deploy.0 = Debug|Any CPU
		{FE74AE2E-3522-42F8-A20F-254DB7AFCF31}.Debug|iPhone.ActiveCfg = Debug|Any CPU
		{FE74AE2E-3522-42F8-A20F-254DB7AFCF31}.Debug|iPhone.Build.0 = Debug|Any CPU
		{FE74AE2E-3522-42F8-A20F-254DB7AFCF31}.Debug|iPhone.Deploy.0 = Debug|Any CPU
		{FE74AE2E-3522-42F8-A20F-254DB7AFCF31}.Debug|iPhoneSimulator.ActiveCfg = Debug|Any CPU
		{FE74AE2E-3522-42F8-A20F-254DB7AFCF31}.Debug|iPhoneSimulator.Build.0 = Debug|Any CPU
		{FE74AE2E-3522-42F8-A20F-254DB7AFCF31}.Debug|iPhoneSimulator.Deploy.0 = Debug|Any CPU
		{FE74AE2E-3522-42F8-A20F-254DB7AFCF31}.Release|Any CPU.ActiveCfg = Release|Any CPU
		{FE74AE2E-3522-42F8-A20F-254DB7AFCF31}.Release|Any CPU.Build.0 = Release|Any CPU
		{FE74AE2E-3522-42F8-A20F-254DB7AFCF31}.Release|Any CPU.Deploy.0 = Release|Any CPU
		{FE74AE2E-3522-42F8-A20F-254DB7AFCF31}.Release|iPhone.ActiveCfg = Release|Any CPU
		{FE74AE2E-3522-42F8-A20F-254DB7AFCF31}.Release|iPhone.Build.0 = Release|Any CPU
		{FE74AE2E-3522-42F8-A20F-254DB7AFCF31}.Release|iPhone.Deploy.0 = Release|Any CPU
		{FE74AE2E-3522-42F8-A20F-254DB7AFCF31}.Release|iPhoneSimulator.ActiveCfg = Release|Any CPU
		{FE74AE2E-3522-42F8-A20F-254DB7AFCF31}.Release|iPhoneSimulator.Build.0 = Release|Any CPU
		{FE74AE2E-3522-42F8-A20F-254DB7AFCF31}.Release|iPhoneSimulator.Deploy.0 = Release|Any CPU
		{9F8E9EB4-6A3C-4A17-9F99-E0EECA4EFDC0}.Debug|Any CPU.ActiveCfg = Debug|iPhone
		{9F8E9EB4-6A3C-4A17-9F99-E0EECA4EFDC0}.Debug|Any CPU.Build.0 = Debug|iPhone
		{9F8E9EB4-6A3C-4A17-9F99-E0EECA4EFDC0}.Debug|Any CPU.Deploy.0 = Debug|iPhone
		{9F8E9EB4-6A3C-4A17-9F99-E0EECA4EFDC0}.Debug|iPhone.ActiveCfg = Debug|iPhone
		{9F8E9EB4-6A3C-4A17-9F99-E0EECA4EFDC0}.Debug|iPhone.Build.0 = Debug|iPhone
		{9F8E9EB4-6A3C-4A17-9F99-E0EECA4EFDC0}.Debug|iPhone.Deploy.0 = Debug|iPhone
		{9F8E9EB4-6A3C-4A17-9F99-E0EECA4EFDC0}.Debug|iPhoneSimulator.ActiveCfg = Debug|iPhoneSimulator
		{9F8E9EB4-6A3C-4A17-9F99-E0EECA4EFDC0}.Debug|iPhoneSimulator.Build.0 = Debug|iPhoneSimulator
		{9F8E9EB4-6A3C-4A17-9F99-E0EECA4EFDC0}.Debug|iPhoneSimulator.Deploy.0 = Debug|iPhoneSimulator
		{9F8E9EB4-6A3C-4A17-9F99-E0EECA4EFDC0}.Release|Any CPU.ActiveCfg = Release|iPhoneSimulator
		{9F8E9EB4-6A3C-4A17-9F99-E0EECA4EFDC0}.Release|Any CPU.Build.0 = Release|iPhoneSimulator
		{9F8E9EB4-6A3C-4A17-9F99-E0EECA4EFDC0}.Release|Any CPU.Deploy.0 = Release|iPhoneSimulator
		{9F8E9EB4-6A3C-4A17-9F99-E0EECA4EFDC0}.Release|iPhone.ActiveCfg = Release|iPhone
		{9F8E9EB4-6A3C-4A17-9F99-E0EECA4EFDC0}.Release|iPhone.Build.0 = Release|iPhone
		{9F8E9EB4-6A3C-4A17-9F99-E0EECA4EFDC0}.Release|iPhone.Deploy.0 = Release|iPhone
		{9F8E9EB4-6A3C-4A17-9F99-E0EECA4EFDC0}.Release|iPhoneSimulator.ActiveCfg = Release|iPhoneSimulator
		{9F8E9EB4-6A3C-4A17-9F99-E0EECA4EFDC0}.Release|iPhoneSimulator.Build.0 = Release|iPhoneSimulator
		{9F8E9EB4-6A3C-4A17-9F99-E0EECA4EFDC0}.Release|iPhoneSimulator.Deploy.0 = Release|iPhoneSimulator
		{05ED0F10-EDC6-4924-90A1-03D291E0CD13}.Debug|Any CPU.ActiveCfg = Debug|Any CPU
		{05ED0F10-EDC6-4924-90A1-03D291E0CD13}.Debug|Any CPU.Build.0 = Debug|Any CPU
		{05ED0F10-EDC6-4924-90A1-03D291E0CD13}.Debug|Any CPU.Deploy.0 = Debug|Any CPU
		{05ED0F10-EDC6-4924-90A1-03D291E0CD13}.Debug|iPhone.ActiveCfg = Debug|Any CPU
		{05ED0F10-EDC6-4924-90A1-03D291E0CD13}.Debug|iPhone.Build.0 = Debug|Any CPU
		{05ED0F10-EDC6-4924-90A1-03D291E0CD13}.Debug|iPhone.Deploy.0 = Debug|Any CPU
		{05ED0F10-EDC6-4924-90A1-03D291E0CD13}.Debug|iPhoneSimulator.ActiveCfg = Debug|Any CPU
		{05ED0F10-EDC6-4924-90A1-03D291E0CD13}.Debug|iPhoneSimulator.Build.0 = Debug|Any CPU
		{05ED0F10-EDC6-4924-90A1-03D291E0CD13}.Debug|iPhoneSimulator.Deploy.0 = Debug|Any CPU
		{05ED0F10-EDC6-4924-90A1-03D291E0CD13}.Release|Any CPU.ActiveCfg = Release|Any CPU
		{05ED0F10-EDC6-4924-90A1-03D291E0CD13}.Release|Any CPU.Build.0 = Release|Any CPU
		{05ED0F10-EDC6-4924-90A1-03D291E0CD13}.Release|Any CPU.Deploy.0 = Release|Any CPU
		{05ED0F10-EDC6-4924-90A1-03D291E0CD13}.Release|iPhone.ActiveCfg = Release|Any CPU
		{05ED0F10-EDC6-4924-90A1-03D291E0CD13}.Release|iPhone.Build.0 = Release|Any CPU
		{05ED0F10-EDC6-4924-90A1-03D291E0CD13}.Release|iPhone.Deploy.0 = Release|Any CPU
		{05ED0F10-EDC6-4924-90A1-03D291E0CD13}.Release|iPhoneSimulator.ActiveCfg = Release|Any CPU
		{05ED0F10-EDC6-4924-90A1-03D291E0CD13}.Release|iPhoneSimulator.Build.0 = Release|Any CPU
		{05ED0F10-EDC6-4924-90A1-03D291E0CD13}.Release|iPhoneSimulator.Deploy.0 = Release|Any CPU
	EndGlobalSection
	GlobalSection(SolutionProperties) = preSolution
		HideSolutionNode = FALSE
	EndGlobalSection
	GlobalSection(ExtensibilityGlobals) = postSolution
		SolutionGuid = {D72309E5-C487-416B-A22C-39C10A2D4421}
	EndGlobalSection
EndGlobal
